<?xml version="1.0" encoding="utf-8"?>
<Project ToolsVersion="4.0" xmlns="http://schemas.microsoft.com/developer/msbuild/2003">
  <ItemGroup>
    <Filter Include="Header Files">
      <UniqueIdentifier>{9ce168d1-1241-4eb4-a500-2ef3fa5433cd}</UniqueIdentifier>
    </Filter>
    <Filter Include="Source Files">
      <UniqueIdentifier>{e6a0fcc3-3adc-4063-a0ae-8577bd3ea3d4}</UniqueIdentifier>
    </Filter>
  </ItemGroup>
  <ItemGroup>
    <ClInclude Include="Headers\AbstractData.h">
      <Filter>Header Files</Filter>
    </ClInclude>
    <ClInclude Include="Headers\AbstractOrganiser.h">
      <Filter>Header Files</Filter>
    </ClInclude>
    <ClInclude Include="Headers\AbstractParser.h">
      <Filter>Header Files</Filter>
    </ClInclude>
    <ClInclude Include="Headers\AbstractWriter.h">
      <Filter>Header Files</Filter>
    </ClInclude>
    <ClInclude Include="Headers\Base64Encoder.h">
      <Filter>Header Files</Filter>
    </ClInclude>
    <ClInclude Include="Headers\Comment.h">
      <Filter>Header Files</Filter>
    </ClInclude>
    <ClInclude Include="Headers\config.h">
      <Filter>Header Files</Filter>
    </ClInclude>
    <ClInclude Include="Headers\ConfigImpl.h">
      <Filter>Header Files</Filter>
    </ClInclude>
    <ClInclude Include="Headers\DataLine.h">
      <Filter>Header Files</Filter>
    </ClInclude>
    <ClInclude Include="Headers\File.h">
      <Filter>Header Files</Filter>
    </ClInclude>
    <ClInclude Include="Headers\KeyValue.h">
      <Filter>Header Files</Filter>
    </ClInclude>
    <ClInclude Include="Headers\ParserJuly2004.h">
      <Filter>Header Files</Filter>
    </ClInclude>
    <ClInclude Include="Headers\RealOrganiser.h">
      <Filter>Header Files</Filter>
    </ClInclude>
    <ClInclude Include="Headers\Section.h">
      <Filter>Header Files</Filter>
    </ClInclude>
    <ClInclude Include="Headers\WhiteSpace.h">
      <Filter>Header Files</Filter>
    </ClInclude>
    <ClInclude Include="Headers\Writer.h">
      <Filter>Header Files</Filter>
    </ClInclude>
  </ItemGroup>
  <ItemGroup>
    <ClCompile Include="Sources\AbstractData.cpp">
      <Filter>Source Files</Filter>
    </ClCompile>
    <ClCompile Include="Sources\AbstractOrganiser.cpp">
      <Filter>Source Files</Filter>
    </ClCompile>
    <ClCompile Include="Sources\AbstractParser.cpp">
      <Filter>Source Files</Filter>
    </ClCompile>
    <ClCompile Include="Sources\AbstractWriter.cpp">
      <Filter>Source Files</Filter>
    </ClCompile>
    <ClCompile Include="Sources\Base64Encoder.cpp">
      <Filter>Source Files</Filter>
    </ClCompile>
    <ClCompile Include="Sources\Comment.cpp">
      <Filter>Source Files</Filter>
    </ClCompile>
    <ClCompile Include="Sources\config.cpp">
      <Filter>Source Files</Filter>
    </ClCompile>
    <ClCompile Include="Sources\ConfigImpl.cpp">
      <Filter>Source Files</Filter>
    </ClCompile>
    <ClCompile Include="Sources\DataLine.cpp">
      <Filter>Source Files</Filter>
    </ClCompile>
    <ClCompile Include="Sources\File.cpp">
      <Filter>Source Files</Filter>
    </ClCompile>
    <ClCompile Include="Sources\KeyValue.cpp">
      <Filter>Source Files</Filter>
    </ClCompile>
    <ClCompile Include="Sources\ParserJuly2004.cpp">
      <Filter>Source Files</Filter>
    </ClCompile>
    <ClCompile Include="Sources\RealOrganiser.cpp">
      <Filter>Source Files</Filter>
    </ClCompile>
    <ClCompile Include="Sources\Section.cpp">
      <Filter>Source Files</Filter>
    </ClCompile>
    <ClCompile Include="Sources\WhiteSpace.cpp">
      <Filter>Source Files</Filter>
    </ClCompile>
    <ClCompile Include="Sources\Writer.cpp">
      <Filter>Source Files</Filter>
    </ClCompile>
  </ItemGroup>
</Project>